// !$*UTF8*$!
{
	archiveVersion = 1;
	classes = {
	};
	objectVersion = 46;
	objects = {

/* Begin PBXBuildFile section */
		0851FDB915414ACF009E2100 /* imageprocessing.1 in CopyFiles */ = {isa = PBXBuildFile; fileRef = 0851FDB815414ACF009E2100 /* imageprocessing.1 */; };
		0851FDC515414AEC009E2100 /* cpuProcessImage.cpp in Sources */ = {isa = PBXBuildFile; fileRef = 0851FDC115414AEC009E2100 /* cpuProcessImage.cpp */; };
		0851FDC915414C6D009E2100 /* libX11.6.dylib in Frameworks */ = {isa = PBXBuildFile; fileRef = 0851FDC815414C6D009E2100 /* libX11.6.dylib */; };
/* End PBXBuildFile section */

/* Begin PBXCopyFilesBuildPhase section */
		0851FDB015414ACF009E2100 /* CopyFiles */ = {
			isa = PBXCopyFilesBuildPhase;
			buildActionMask = 2147483647;
			dstPath = /usr/share/man/man1/;
			dstSubfolderSpec = 0;
			files = (
				0851FDB915414ACF009E2100 /* imageprocessing.1 in CopyFiles */,
			);
			runOnlyForDeploymentPostprocessing = 1;
		};
/* End PBXCopyFilesBuildPhase section */

/* Begin PBXFileReference section */
		0851FDB215414ACF009E2100 /* imageprocessing */ = {isa = PBXFileReference; explicitFileType = "compiled.mach-o.executable"; includeInIndex = 0; path = imageprocessing; sourceTree = BUILT_PRODUCTS_DIR; };
		0851FDB815414ACF009E2100 /* imageprocessing.1 */ = {isa = PBXFileReference; lastKnownFileType = text.man; path = imageprocessing.1; sourceTree = "<group>"; };
		0851FDBF15414AEC009E2100 /* CImg.h */ = {isa = PBXFileReference; fileEncoding = 4; lastKnownFileType = sourcecode.c.h; path = CImg.h; sourceTree = "<group>"; };
		0851FDC015414AEC009E2100 /* Constants.h */ = {isa = PBXFileReference; fileEncoding = 4; lastKnownFileType = sourcecode.c.h; path = Constants.h; sourceTree = "<group>"; };
		0851FDC115414AEC009E2100 /* cpuProcessImage.cpp */ = {isa = PBXFileReference; fileEncoding = 4; lastKnownFileType = sourcecode.cpp.cpp; path = cpuProcessImage.cpp; sourceTree = "<group>"; };
		0851FDC215414AEC009E2100 /* cpuProcessImage.h */ = {isa = PBXFileReference; fileEncoding = 4; lastKnownFileType = sourcecode.c.h; path = cpuProcessImage.h; sourceTree = "<group>"; };
		0851FDC315414AEC009E2100 /* Filters.h */ = {isa = PBXFileReference; fileEncoding = 4; lastKnownFileType = sourcecode.c.h; path = Filters.h; sourceTree = "<group>"; };
		0851FDC415414AEC009E2100 /* Utils.h */ = {isa = PBXFileReference; fileEncoding = 4; lastKnownFileType = sourcecode.c.h; path = Utils.h; sourceTree = "<group>"; };
		0851FDC815414C6D009E2100 /* libX11.6.dylib */ = {isa = PBXFileReference; lastKnownFileType = "compiled.mach-o.dylib"; name = libX11.6.dylib; path = ../../../../../usr/X11/lib/libX11.6.dylib; sourceTree = "<group>"; };
		08E7BDF4154393A4006F654B /* gpuProcessImage.cu */ = {isa = PBXFileReference; fileEncoding = 4; lastKnownFileType = text; name = gpuProcessImage.cu; path = ../../src/gpuProcessImage.cu; sourceTree = "<group>"; };
/* End PBXFileReference section */

/* Begin PBXFrameworksBuildPhase section */
		0851FDAF15414ACF009E2100 /* Frameworks */ = {
			isa = PBXFrameworksBuildPhase;
			buildActionMask = 2147483647;
			files = (
				0851FDC915414C6D009E2100 /* libX11.6.dylib in Frameworks */,
			);
			runOnlyForDeploymentPostprocessing = 0;
		};
/* End PBXFrameworksBuildPhase section */

/* Begin PBXGroup section */
		0851FDA715414ACE009E2100 = {
			isa = PBXGroup;
			children = (
				0851FDC815414C6D009E2100 /* libX11.6.dylib */,
				0851FDB515414ACF009E2100 /* imageprocessing */,
				0851FDB315414ACF009E2100 /* Products */,
			);
			sourceTree = "<group>";
		};
		0851FDB315414ACF009E2100 /* Products */ = {
			isa = PBXGroup;
			children = (
				0851FDB215414ACF009E2100 /* imageprocessing */,
			);
			name = Products;
			sourceTree = "<group>";
		};
		0851FDB515414ACF009E2100 /* imageprocessing */ = {
			isa = PBXGroup;
			children = (
				0851FDC615414AF6009E2100 /* HEADERS */,
				0851FDC715414AFD009E2100 /* CLASSES */,
				0851FDB815414ACF009E2100 /* imageprocessing.1 */,
			);
			path = imageprocessing;
			sourceTree = "<group>";
		};
		0851FDC615414AF6009E2100 /* HEADERS */ = {
			isa = PBXGroup;
			children = (
				08E7BDF4154393A4006F654B /* gpuProcessImage.cu */,
				0851FDBF15414AEC009E2100 /* CImg.h */,
				0851FDC015414AEC009E2100 /* Constants.h */,
				0851FDC215414AEC009E2100 /* cpuProcessImage.h */,
				0851FDC315414AEC009E2100 /* Filters.h */,
				0851FDC415414AEC009E2100 /* Utils.h */,
			);
			name = HEADERS;
			sourceTree = "<group>";
		};
		0851FDC715414AFD009E2100 /* CLASSES */ = {
			isa = PBXGroup;
			children = (
				0851FDC115414AEC009E2100 /* cpuProcessImage.cpp */,
			);
			name = CLASSES;
			sourceTree = "<group>";
		};
/* End PBXGroup section */

/* Begin PBXNativeTarget section */
		0851FDB115414ACF009E2100 /* imageprocessing */ = {
			isa = PBXNativeTarget;
			buildConfigurationList = 0851FDBC15414ACF009E2100 /* Build configuration list for PBXNativeTarget "imageprocessing" */;
			buildPhases = (
				0851FDAE15414ACF009E2100 /* Sources */,
				0851FDAF15414ACF009E2100 /* Frameworks */,
				0851FDB015414ACF009E2100 /* CopyFiles */,
			);
			buildRules = (
			);
			dependencies = (
			);
			name = imageprocessing;
			productName = imageprocessing;
			productReference = 0851FDB215414ACF009E2100 /* imageprocessing */;
			productType = "com.apple.product-type.tool";
		};
/* End PBXNativeTarget section */

/* Begin PBXProject section */
		0851FDA915414ACE009E2100 /* Project object */ = {
			isa = PBXProject;
			attributes = {
				LastUpgradeCheck = 0430;
				ORGANIZATIONNAME = "New York University";
			};
			buildConfigurationList = 0851FDAC15414ACE009E2100 /* Build configuration list for PBXProject "imageprocessing" */;
			compatibilityVersion = "Xcode 3.2";
			developmentRegion = English;
			hasScannedForEncodings = 0;
			knownRegions = (
				en,
			);
			mainGroup = 0851FDA715414ACE009E2100;
			productRefGroup = 0851FDB315414ACF009E2100 /* Products */;
			projectDirPath = "";
			projectRoot = "";
			targets = (
				0851FDB115414ACF009E2100 /* imageprocessing */,
			);
		};
/* End PBXProject section */

/* Begin PBXSourcesBuildPhase section */
		0851FDAE15414ACF009E2100 /* Sources */ = {
			isa = PBXSourcesBuildPhase;
			buildActionMask = 2147483647;
			files = (
				0851FDC515414AEC009E2100 /* cpuProcessImage.cpp in Sources */,
			);
			runOnlyForDeploymentPostprocessing = 0;
		};
/* End PBXSourcesBuildPhase section */

/* Begin XCBuildConfiguration section */
		0851FDBA15414ACF009E2100 /* Debug */ = {
			isa = XCBuildConfiguration;
			buildSettings = {
				ALWAYS_SEARCH_USER_PATHS = NO;
				ARCHS = "$(ARCHS_STANDARD_64_BIT)";
				COPY_PHASE_STRIP = NO;
				GCC_C_LANGUAGE_STANDARD = gnu99;
				GCC_DYNAMIC_NO_PIC = NO;
				GCC_ENABLE_OBJC_EXCEPTIONS = YES;
				GCC_OPTIMIZATION_LEVEL = 0;
				GCC_PREPROCESSOR_DEFINITIONS = (
					"DEBUG=1",
					"$(inherited)",
				);
				GCC_SYMBOLS_PRIVATE_EXTERN = NO;
				GCC_VERSION = com.apple.compilers.llvm.clang.1_0;
				GCC_WARN_64_TO_32_BIT_CONVERSION = YES;
				GCC_WARN_ABOUT_RETURN_TYPE = YES;
				GCC_WARN_UNINITIALIZED_AUTOS = YES;
				GCC_WARN_UNUSED_VARIABLE = YES;
				MACOSX_DEPLOYMENT_TARGET = 10.7;
				ONLY_ACTIVE_ARCH = YES;
				SDKROOT = macosx;
			};
			name = Debug;
		};
		0851FDBB15414ACF009E2100 /* Release */ = {
			isa = XCBuildConfiguration;
			buildSettings = {
				ALWAYS_SEARCH_USER_PATHS = NO;
				ARCHS = "$(ARCHS_STANDARD_64_BIT)";
				COPY_PHASE_STRIP = YES;
				DEBUG_INFORMATION_FORMAT = "dwarf-with-dsym";
				GCC_C_LANGUAGE_STANDARD = gnu99;
				GCC_ENABLE_OBJC_EXCEPTIONS = YES;
				GCC_VERSION = com.apple.compilers.llvm.clang.1_0;
				GCC_WARN_64_TO_32_BIT_CONVERSION = YES;
				GCC_WARN_ABOUT_RETURN_TYPE = YES;
				GCC_WARN_UNINITIALIZED_AUTOS = YES;
				GCC_WARN_UNUSED_VARIABLE = YES;
				MACOSX_DEPLOYMENT_TARGET = 10.7;
				SDKROOT = macosx;
			};
			name = Release;
		};
		0851FDBD15414ACF009E2100 /* Debug */ = {
			isa = XCBuildConfiguration;
			buildSettings = {
				GCC_OPTIMIZATION_LEVEL = 3;
				LIBRARY_SEARCH_PATHS = (
					"$(inherited)",
					/usr/X11/lib,
				);
				"LIBRARY_SEARCH_PATHS[arch=*]" = /usr/X11R6/lib;
				"OTHER_CPLUSPLUSFLAGS[arch=*]" = (
					"-lm",
					"-lpthread",
					"-lX11",
				);
				PRODUCT_NAME = "$(TARGET_NAME)";
				WARNING_CFLAGS = (
					"$(OTHER_CFLAGS)",
					"-lm",
					"-lpthread",
					"-lX11",
				);
			};
			name = Debug;
		};
		0851FDBE15414ACF009E2100 /* Release */ = {
			isa = XCBuildConfiguration;
			buildSettings = {
				GCC_OPTIMIZATION_LEVEL = 3;
				LIBRARY_SEARCH_PATHS = (
					"$(inherited)",
					/usr/X11/lib,
				);
				"LIBRARY_SEARCH_PATHS[arch=*]" = /usr/X11R6/lib;
				"OTHER_CPLUSPLUSFLAGS[arch=*]" = (
					"-lm",
					"-lpthread",
					"-lX11",
				);
				PRODUCT_NAME = "$(TARGET_NAME)";
				WARNING_CFLAGS = (
					"$(OTHER_CFLAGS)",
					"-lm",
					"-lpthread",
					"-lX11",
				);
			};
			name = Release;
		};
/* End XCBuildConfiguration section */

/* Begin XCConfigurationList section */
		0851FDAC15414ACE009E2100 /* Build configuration list for PBXProject "imageprocessing" */ = {
			isa = XCConfigurationList;
			buildConfigurations = (
				0851FDBA15414ACF009E2100 /* Debug */,
				0851FDBB15414ACF009E2100 /* Release */,
			);
			defaultConfigurationIsVisible = 0;
			defaultConfigurationName = Release;
		};
		0851FDBC15414ACF009E2100 /* Build configuration list for PBXNativeTarget "imageprocessing" */ = {
			isa = XCConfigurationList;
			buildConfigurations = (
				0851FDBD15414ACF009E2100 /* Debug */,
				0851FDBE15414ACF009E2100 /* Release */,
			);
			defaultConfigurationIsVisible = 0;
			defaultConfigurationName = Release;
		};
/* End XCConfigurationList section */
	};
	rootObject = 0851FDA915414ACE009E2100 /* Project object */;
}
