// !$*UTF8*$!
{
	archiveVersion = 1;
	classes = {
	};
	objectVersion = 46;
	objects = {

/* Begin PBXBuildFile section */
		082C57E7153F4A9400B4A3E6 /* imagefiltersXcode.1 in CopyFiles */ = {isa = PBXBuildFile; fileRef = 082C57E6153F4A9400B4A3E6 /* imagefiltersXcode.1 */; };
		082C57F1153F4AA700B4A3E6 /* processImage.cpp in Sources */ = {isa = PBXBuildFile; fileRef = 082C57EF153F4AA700B4A3E6 /* processImage.cpp */; };
		082C57F4153F4DC700B4A3E6 /* processImage.h in Sources */ = {isa = PBXBuildFile; fileRef = 082C57F0153F4AA700B4A3E6 /* processImage.h */; };
		08CC5983153F69300015176E /* libX11.6.dylib in Frameworks */ = {isa = PBXBuildFile; fileRef = 08CC5981153F69300015176E /* libX11.6.dylib */; };
		08CC5984153F69300015176E /* libX11.6.dylib in Frameworks */ = {isa = PBXBuildFile; fileRef = 08CC5982153F69300015176E /* libX11.6.dylib */; };
/* End PBXBuildFile section */

/* Begin PBXCopyFilesBuildPhase section */
		082C57DE153F4A9400B4A3E6 /* CopyFiles */ = {
			isa = PBXCopyFilesBuildPhase;
			buildActionMask = 2147483647;
			dstPath = /usr/share/man/man1/;
			dstSubfolderSpec = 0;
			files = (
				082C57E7153F4A9400B4A3E6 /* imagefiltersXcode.1 in CopyFiles */,
			);
			runOnlyForDeploymentPostprocessing = 1;
		};
/* End PBXCopyFilesBuildPhase section */

/* Begin PBXFileReference section */
		082C57E0153F4A9400B4A3E6 /* imagefiltersXcode */ = {isa = PBXFileReference; explicitFileType = "compiled.mach-o.executable"; includeInIndex = 0; path = imagefiltersXcode; sourceTree = BUILT_PRODUCTS_DIR; };
		082C57E6153F4A9400B4A3E6 /* imagefiltersXcode.1 */ = {isa = PBXFileReference; lastKnownFileType = text.man; path = imagefiltersXcode.1; sourceTree = "<group>"; };
		082C57ED153F4AA700B4A3E6 /* CImg.h */ = {isa = PBXFileReference; fileEncoding = 4; lastKnownFileType = sourcecode.c.h; path = CImg.h; sourceTree = "<group>"; };
		082C57EE153F4AA700B4A3E6 /* CMakeLists.txt */ = {isa = PBXFileReference; fileEncoding = 4; lastKnownFileType = text; path = CMakeLists.txt; sourceTree = "<group>"; };
		082C57EF153F4AA700B4A3E6 /* processImage.cpp */ = {isa = PBXFileReference; fileEncoding = 4; lastKnownFileType = sourcecode.cpp.cpp; path = processImage.cpp; sourceTree = "<group>"; };
		082C57F0153F4AA700B4A3E6 /* processImage.h */ = {isa = PBXFileReference; fileEncoding = 4; lastKnownFileType = sourcecode.c.h; path = processImage.h; sourceTree = "<group>"; };
		08CC5981153F69300015176E /* libX11.6.dylib */ = {isa = PBXFileReference; lastKnownFileType = "compiled.mach-o.dylib"; name = libX11.6.dylib; path = ../../../../../usr/X11/lib/libX11.6.dylib; sourceTree = "<group>"; };
		08CC5982153F69300015176E /* libX11.6.dylib */ = {isa = PBXFileReference; lastKnownFileType = "compiled.mach-o.dylib"; name = libX11.6.dylib; path = ../../../../../usr/X11/lib/libX11.6.dylib; sourceTree = "<group>"; };
/* End PBXFileReference section */

/* Begin PBXFrameworksBuildPhase section */
		082C57DD153F4A9400B4A3E6 /* Frameworks */ = {
			isa = PBXFrameworksBuildPhase;
			buildActionMask = 2147483647;
			files = (
				08CC5983153F69300015176E /* libX11.6.dylib in Frameworks */,
				08CC5984153F69300015176E /* libX11.6.dylib in Frameworks */,
			);
			runOnlyForDeploymentPostprocessing = 0;
		};
/* End PBXFrameworksBuildPhase section */

/* Begin PBXGroup section */
		082C57D5153F4A9400B4A3E6 = {
			isa = PBXGroup;
			children = (
				08CC5981153F69300015176E /* libX11.6.dylib */,
				08CC5982153F69300015176E /* libX11.6.dylib */,
				082C57E3153F4A9400B4A3E6 /* imagefiltersXcode */,
				082C57E1153F4A9400B4A3E6 /* Products */,
			);
			sourceTree = "<group>";
		};
		082C57E1153F4A9400B4A3E6 /* Products */ = {
			isa = PBXGroup;
			children = (
				082C57E0153F4A9400B4A3E6 /* imagefiltersXcode */,
			);
			name = Products;
			sourceTree = "<group>";
		};
		082C57E3153F4A9400B4A3E6 /* imagefiltersXcode */ = {
			isa = PBXGroup;
			children = (
				082C57ED153F4AA700B4A3E6 /* CImg.h */,
				082C57EE153F4AA700B4A3E6 /* CMakeLists.txt */,
				082C57EF153F4AA700B4A3E6 /* processImage.cpp */,
				082C57F0153F4AA700B4A3E6 /* processImage.h */,
				082C57E6153F4A9400B4A3E6 /* imagefiltersXcode.1 */,
			);
			path = imagefiltersXcode;
			sourceTree = "<group>";
		};
/* End PBXGroup section */

/* Begin PBXNativeTarget section */
		082C57DF153F4A9400B4A3E6 /* imagefiltersXcode */ = {
			isa = PBXNativeTarget;
			buildConfigurationList = 082C57EA153F4A9400B4A3E6 /* Build configuration list for PBXNativeTarget "imagefiltersXcode" */;
			buildPhases = (
				082C57DC153F4A9400B4A3E6 /* Sources */,
				082C57DD153F4A9400B4A3E6 /* Frameworks */,
				082C57DE153F4A9400B4A3E6 /* CopyFiles */,
			);
			buildRules = (
			);
			dependencies = (
			);
			name = imagefiltersXcode;
			productName = imagefiltersXcode;
			productReference = 082C57E0153F4A9400B4A3E6 /* imagefiltersXcode */;
			productType = "com.apple.product-type.tool";
		};
/* End PBXNativeTarget section */

/* Begin PBXProject section */
		082C57D7153F4A9400B4A3E6 /* Project object */ = {
			isa = PBXProject;
			attributes = {
				LastUpgradeCheck = 0430;
				ORGANIZATIONNAME = "New York University";
			};
			buildConfigurationList = 082C57DA153F4A9400B4A3E6 /* Build configuration list for PBXProject "imagefiltersXcode" */;
			compatibilityVersion = "Xcode 3.2";
			developmentRegion = English;
			hasScannedForEncodings = 0;
			knownRegions = (
				en,
			);
			mainGroup = 082C57D5153F4A9400B4A3E6;
			productRefGroup = 082C57E1153F4A9400B4A3E6 /* Products */;
			projectDirPath = "";
			projectRoot = "";
			targets = (
				082C57DF153F4A9400B4A3E6 /* imagefiltersXcode */,
			);
		};
/* End PBXProject section */

/* Begin PBXSourcesBuildPhase section */
		082C57DC153F4A9400B4A3E6 /* Sources */ = {
			isa = PBXSourcesBuildPhase;
			buildActionMask = 2147483647;
			files = (
				082C57F4153F4DC700B4A3E6 /* processImage.h in Sources */,
				082C57F1153F4AA700B4A3E6 /* processImage.cpp in Sources */,
			);
			runOnlyForDeploymentPostprocessing = 0;
		};
/* End PBXSourcesBuildPhase section */

/* Begin XCBuildConfiguration section */
		082C57E8153F4A9400B4A3E6 /* Debug */ = {
			isa = XCBuildConfiguration;
			buildSettings = {
				ALWAYS_SEARCH_USER_PATHS = NO;
				ARCHS = "$(ARCHS_STANDARD_64_BIT)";
				COPY_PHASE_STRIP = NO;
				GCC_C_LANGUAGE_STANDARD = gnu99;
				GCC_DYNAMIC_NO_PIC = NO;
				GCC_ENABLE_OBJC_EXCEPTIONS = YES;
				GCC_OPTIMIZATION_LEVEL = 0;
				GCC_PREPROCESSOR_DEFINITIONS = (
					"DEBUG=1",
					"$(inherited)",
				);
				GCC_SYMBOLS_PRIVATE_EXTERN = NO;
				GCC_VERSION = com.apple.compilers.llvm.clang.1_0;
				GCC_WARN_64_TO_32_BIT_CONVERSION = YES;
				GCC_WARN_ABOUT_RETURN_TYPE = YES;
				GCC_WARN_UNINITIALIZED_AUTOS = YES;
				GCC_WARN_UNUSED_VARIABLE = YES;
				LIBRARY_SEARCH_PATHS = "/usr/X11R6/lib/**";
				MACOSX_DEPLOYMENT_TARGET = 10.7;
				ONLY_ACTIVE_ARCH = YES;
				"OTHER_CPLUSPLUSFLAGS[arch=*]" = (
					"-L/usr/X11R6/lib",
					"-lX11",
					"-lpthread",
					"-lm",
				);
				SDKROOT = macosx;
				WARNING_CFLAGS = "$(OTHER_CFLAGS)";
			};
			name = Debug;
		};
		082C57E9153F4A9400B4A3E6 /* Release */ = {
			isa = XCBuildConfiguration;
			buildSettings = {
				ALWAYS_SEARCH_USER_PATHS = NO;
				ARCHS = "$(ARCHS_STANDARD_64_BIT)";
				COPY_PHASE_STRIP = YES;
				DEBUG_INFORMATION_FORMAT = "dwarf-with-dsym";
				GCC_C_LANGUAGE_STANDARD = gnu99;
				GCC_ENABLE_OBJC_EXCEPTIONS = YES;
				GCC_VERSION = com.apple.compilers.llvm.clang.1_0;
				GCC_WARN_64_TO_32_BIT_CONVERSION = YES;
				GCC_WARN_ABOUT_RETURN_TYPE = YES;
				GCC_WARN_UNINITIALIZED_AUTOS = YES;
				GCC_WARN_UNUSED_VARIABLE = YES;
				LIBRARY_SEARCH_PATHS = "/usr/X11R6/lib/**";
				MACOSX_DEPLOYMENT_TARGET = 10.7;
				SDKROOT = macosx;
				WARNING_CFLAGS = "$(OTHER_CFLAGS)";
			};
			name = Release;
		};
		082C57EB153F4A9400B4A3E6 /* Debug */ = {
			isa = XCBuildConfiguration;
			buildSettings = {
				ALWAYS_SEARCH_USER_PATHS = NO;
				GCC_OPTIMIZATION_LEVEL = 3;
				GCC_PREPROCESSOR_DEFINITIONS = "";
				GCC_VERSION = com.apple.compilers.llvm.clang.1_0;
				LIBRARY_SEARCH_PATHS = (
					"$(inherited)",
					/usr/X11R6/lib,
					/usr/X11/lib,
				);
				"LIBRARY_SEARCH_PATHS[arch=*]" = (
					"$(inherited)",
					/usr/X11R6/lib,
					/usr/X11/lib,
				);
				"OTHER_CFLAGS[arch=*]" = (
					"-lm",
					"-lpthread",
					"-lX11",
				);
				OTHER_CPLUSPLUSFLAGS = (
					"-lm",
					"-lpthread",
					"-lX11",
				);
				"OTHER_CPLUSPLUSFLAGS[arch=*]" = (
					"-lm",
					"-lpthread",
					"-lX11",
				);
				PRODUCT_NAME = "$(TARGET_NAME)";
				USER_HEADER_SEARCH_PATHS = "$(inherited) /usr/X11R6/lib /usr/X11/lib";
			};
			name = Debug;
		};
		082C57EC153F4A9400B4A3E6 /* Release */ = {
			isa = XCBuildConfiguration;
			buildSettings = {
				ALWAYS_SEARCH_USER_PATHS = NO;
				GCC_OPTIMIZATION_LEVEL = 3;
				GCC_PREPROCESSOR_DEFINITIONS = "";
				GCC_VERSION = com.apple.compilers.llvm.clang.1_0;
				LIBRARY_SEARCH_PATHS = (
					"$(inherited)",
					/usr/X11R6/lib,
					/usr/X11/lib,
				);
				"OTHER_CFLAGS[arch=*]" = (
					"-lm",
					"-lpthread",
					"-lX11",
				);
				OTHER_CPLUSPLUSFLAGS = (
					"-lm",
					"-lpthread",
					"-lX11",
				);
				PRODUCT_NAME = "$(TARGET_NAME)";
				USER_HEADER_SEARCH_PATHS = "$(inherited) /usr/X11R6/lib /usr/X11/lib";
			};
			name = Release;
		};
/* End XCBuildConfiguration section */

/* Begin XCConfigurationList section */
		082C57DA153F4A9400B4A3E6 /* Build configuration list for PBXProject "imagefiltersXcode" */ = {
			isa = XCConfigurationList;
			buildConfigurations = (
				082C57E8153F4A9400B4A3E6 /* Debug */,
				082C57E9153F4A9400B4A3E6 /* Release */,
			);
			defaultConfigurationIsVisible = 0;
			defaultConfigurationName = Release;
		};
		082C57EA153F4A9400B4A3E6 /* Build configuration list for PBXNativeTarget "imagefiltersXcode" */ = {
			isa = XCConfigurationList;
			buildConfigurations = (
				082C57EB153F4A9400B4A3E6 /* Debug */,
				082C57EC153F4A9400B4A3E6 /* Release */,
			);
			defaultConfigurationIsVisible = 0;
			defaultConfigurationName = Release;
		};
/* End XCConfigurationList section */
	};
	rootObject = 082C57D7153F4A9400B4A3E6 /* Project object */;
}
